{
  "name": "mediago",
  "version": "1.0.0",
  "lockfileVersion": 1,
  "requires": true,
  "dependencies": {
    "abbrev": {
      "version": "1.1.1",
      "resolved": "https://registry.npm.taobao.org/abbrev/download/abbrev-1.1.1.tgz",
      "integrity": "sha1-+PLIh60Qv2f2NPAFtph/7TF5qsg=",
      "dev": true
    },
    "ajv": {
      "version": "6.12.0",
      "resolved": "https://registry.npm.taobao.org/ajv/download/ajv-6.12.0.tgz?cache=0&sync_timestamp=1582379605396&other_urls=https%3A%2F%2Fregistry.npm.taobao.org%2Fajv%2Fdownload%2Fajv-6.12.0.tgz",
      "integrity": "sha1-BtYLlth7hFSlrauobnhU2mKdtLc=",
      "dev": true,
      "requires": {
        "fast-deep-equal": "^3.1.1",
        "fast-json-stable-stringify": "^2.0.0",
        "json-schema-traverse": "^0.4.1",
        "uri-js": "^4.2.2"
      }
    },
    "ansi-regex": {
      "version": "2.1.1",
      "resolved": "https://registry.npm.taobao.org/ansi-regex/download/ansi-regex-2.1.1.tgz",
      "integrity": "sha1-w7M6te42DYbg5ijwRorn7yfWVN8=",
      "dev": true
    },
    "aproba": {
      "version": "1.2.0",
      "resolved": "https://registry.npm.taobao.org/aproba/download/aproba-1.2.0.tgz",
      "integrity": "sha1-aALmJk79GMeQobDVF/DyYnvyyUo=",
      "dev": true
    },
    "are-we-there-yet": {
      "version": "1.1.5",
      "resolved": "https://registry.npm.taobao.org/are-we-there-yet/download/are-we-there-yet-1.1.5.tgz",
      "integrity": "sha1-SzXClE8GKov82mZBB2A1D+nd/CE=",
      "dev": true,
      "requires": {
        "delegates": "^1.0.0",
        "readable-stream": "^2.0.6"
      }
    },
    "asn1": {
      "version": "0.2.4",
      "resolved": "https://registry.npm.taobao.org/asn1/download/asn1-0.2.4.tgz",
      "integrity": "sha1-jSR136tVO7M+d7VOWeiAu4ziMTY=",
      "dev": true,
      "requires": {
        "safer-buffer": "~2.1.0"
      }
    },
    "assert-plus": {
      "version": "1.0.0",
      "resolved": "https://registry.npm.taobao.org/assert-plus/download/assert-plus-1.0.0.tgz",
      "integrity": "sha1-8S4PPF13sLHN2RRpQuTpbB5N1SU=",
      "dev": true
    },
    "asynckit": {
      "version": "0.4.0",
      "resolved": "https://registry.npm.taobao.org/asynckit/download/asynckit-0.4.0.tgz",
      "integrity": "sha1-x57Zf380y48robyXkLzDZkdLS3k=",
      "dev": true
    },
    "aws-sign2": {
      "version": "0.7.0",
      "resolved": "https://registry.npm.taobao.org/aws-sign2/download/aws-sign2-0.7.0.tgz",
      "integrity": "sha1-tG6JCTSpWR8tL2+G1+ap8bP+dqg=",
      "dev": true
    },
    "aws4": {
      "version": "1.9.1",
      "resolved": "https://registry.npm.taobao.org/aws4/download/aws4-1.9.1.tgz",
      "integrity": "sha1-fjPY99RJs/ZzzXLeuavcVS2+Uo4=",
      "dev": true
    },
    "balanced-match": {
      "version": "1.0.0",
      "resolved": "https://registry.npm.taobao.org/balanced-match/download/balanced-match-1.0.0.tgz",
      "integrity": "sha1-ibTRmasr7kneFk6gK4nORi1xt2c=",
      "dev": true
    },
    "bcrypt-pbkdf": {
      "version": "1.0.2",
      "resolved": "https://registry.npm.taobao.org/bcrypt-pbkdf/download/bcrypt-pbkdf-1.0.2.tgz",
      "integrity": "sha1-pDAdOJtqQ/m2f/PKEaP2Y342Dp4=",
      "dev": true,
      "requires": {
        "tweetnacl": "^0.14.3"
      }
    },
    "brace-expansion": {
      "version": "1.1.11",
      "resolved": "https://registry.npm.taobao.org/brace-expansion/download/brace-expansion-1.1.11.tgz",
      "integrity": "sha1-PH/L9SnYcibz0vUrlm/1Jx60Qd0=",
      "dev": true,
      "requires": {
        "balanced-match": "^1.0.0",
        "concat-map": "0.0.1"
      }
    },
    "caseless": {
      "version": "0.12.0",
      "resolved": "https://registry.npm.taobao.org/caseless/download/caseless-0.12.0.tgz",
      "integrity": "sha1-G2gcIf+EAzyCZUMJBolCDRhxUdw=",
      "dev": true
    },
    "chownr": {
      "version": "1.1.4",
      "resolved": "https://registry.npm.taobao.org/chownr/download/chownr-1.1.4.tgz",
      "integrity": "sha1-b8nXtC0ypYNZYzdmbn0ICE2izGs=",
      "dev": true
    },
    "code-point-at": {
      "version": "1.1.0",
      "resolved": "https://registry.npm.taobao.org/code-point-at/download/code-point-at-1.1.0.tgz",
      "integrity": "sha1-DQcLTQQ6W+ozovGkDi7bPZpMz3c=",
      "dev": true
    },
    "combined-stream": {
      "version": "1.0.8",
      "resolved": "https://registry.npm.taobao.org/combined-stream/download/combined-stream-1.0.8.tgz",
      "integrity": "sha1-w9RaizT9cwYxoRCoolIGgrMdWn8=",
      "dev": true,
      "requires": {
        "delayed-stream": "~1.0.0"
      }
    },
    "concat-map": {
      "version": "0.0.1",
      "resolved": "https://registry.npm.taobao.org/concat-map/download/concat-map-0.0.1.tgz",
      "integrity": "sha1-2Klr13/Wjfd5OnMDajug1UBdR3s=",
      "dev": true
    },
    "console-control-strings": {
      "version": "1.1.0",
      "resolved": "https://registry.npm.taobao.org/console-control-strings/download/console-control-strings-1.1.0.tgz",
      "integrity": "sha1-PXz0Rk22RG6mRL9LOVB/mFEAjo4=",
      "dev": true
    },
    "core-util-is": {
      "version": "1.0.2",
      "resolved": "https://registry.npm.taobao.org/core-util-is/download/core-util-is-1.0.2.tgz",
      "integrity": "sha1-tf1UIgqivFq1eqtxQMlAdUUDwac=",
      "dev": true
    },
    "dashdash": {
      "version": "1.14.1",
      "resolved": "https://registry.npm.taobao.org/dashdash/download/dashdash-1.14.1.tgz",
      "integrity": "sha1-hTz6D3y+L+1d4gMmuN1YEDX24vA=",
      "dev": true,
      "requires": {
        "assert-plus": "^1.0.0"
      }
    },
    "delayed-stream": {
      "version": "1.0.0",
      "resolved": "https://registry.npm.taobao.org/delayed-stream/download/delayed-stream-1.0.0.tgz",
      "integrity": "sha1-3zrhmayt+31ECqrgsp4icrJOxhk=",
      "dev": true
    },
    "delegates": {
      "version": "1.0.0",
      "resolved": "https://registry.npm.taobao.org/delegates/download/delegates-1.0.0.tgz",
      "integrity": "sha1-hMbhWbgZBP3KWaDvRM2HDTElD5o=",
      "dev": true
    },
    "ecc-jsbn": {
      "version": "0.1.2",
      "resolved": "https://registry.npm.taobao.org/ecc-jsbn/download/ecc-jsbn-0.1.2.tgz",
      "integrity": "sha1-OoOpBOVDUyh4dMVkt1SThoSamMk=",
      "dev": true,
      "requires": {
        "jsbn": "~0.1.0",
        "safer-buffer": "^2.1.0"
      }
    },
    "env-paths": {
      "version": "2.2.0",
      "resolved": "https://registry.npm.taobao.org/env-paths/download/env-paths-2.2.0.tgz",
      "integrity": "sha1-zcpVfcAJFSkX1hZuL+vh8DloXkM=",
      "dev": true
    },
    "extend": {
      "version": "3.0.2",
      "resolved": "https://registry.npm.taobao.org/extend/download/extend-3.0.2.tgz",
      "integrity": "sha1-+LETa0Bx+9jrFAr/hYsQGewpFfo=",
      "dev": true
    },
    "extsprintf": {
      "version": "1.3.0",
      "resolved": "https://registry.npm.taobao.org/extsprintf/download/extsprintf-1.3.0.tgz",
      "integrity": "sha1-lpGEQOMEGnpBT4xS48V06zw+HgU=",
      "dev": true
    },
    "fast-deep-equal": {
      "version": "3.1.1",
      "resolved": "https://registry.npm.taobao.org/fast-deep-equal/download/fast-deep-equal-3.1.1.tgz",
      "integrity": "sha1-VFFFB3xQFJHjOxXsQIwpQ3bpSuQ=",
      "dev": true
    },
    "fast-json-stable-stringify": {
      "version": "2.1.0",
      "resolved": "https://registry.npm.taobao.org/fast-json-stable-stringify/download/fast-json-stable-stringify-2.1.0.tgz",
      "integrity": "sha1-h0v2nG9ATCtdmcSBNBOZ/VWJJjM=",
      "dev": true
    },
    "forever-agent": {
      "version": "0.6.1",
      "resolved": "https://registry.npm.taobao.org/forever-agent/download/forever-agent-0.6.1.tgz",
      "integrity": "sha1-+8cfDEGt6zf5bFd60e1C2P2sypE=",
      "dev": true
    },
    "form-data": {
      "version": "2.3.3",
      "resolved": "https://registry.npm.taobao.org/form-data/download/form-data-2.3.3.tgz",
      "integrity": "sha1-3M5SwF9kTymManq5Nr1yTO/786Y=",
      "dev": true,
      "requires": {
        "asynckit": "^0.4.0",
        "combined-stream": "^1.0.6",
        "mime-types": "^2.1.12"
      }
    },
    "fs-minipass": {
      "version": "1.2.7",
      "resolved": "https://registry.npm.taobao.org/fs-minipass/download/fs-minipass-1.2.7.tgz",
      "integrity": "sha1-zP+FcIQef+QmVpPaiJNsVa7X98c=",
      "dev": true,
      "requires": {
        "minipass": "^2.6.0"
      }
    },
    "fs.realpath": {
      "version": "1.0.0",
      "resolved": "https://registry.npm.taobao.org/fs.realpath/download/fs.realpath-1.0.0.tgz",
      "integrity": "sha1-FQStJSMVjKpA20onh8sBQRmU6k8=",
      "dev": true
    },
    "gauge": {
      "version": "2.7.4",
      "resolved": "https://registry.npm.taobao.org/gauge/download/gauge-2.7.4.tgz",
      "integrity": "sha1-LANAXHU4w51+s3sxcCLjJfsBi/c=",
      "dev": true,
      "requires": {
        "aproba": "^1.0.3",
        "console-control-strings": "^1.0.0",
        "has-unicode": "^2.0.0",
        "object-assign": "^4.1.0",
        "signal-exit": "^3.0.0",
        "string-width": "^1.0.1",
        "strip-ansi": "^3.0.1",
        "wide-align": "^1.1.0"
      }
    },
    "getpass": {
      "version": "0.1.7",
      "resolved": "https://registry.npm.taobao.org/getpass/download/getpass-0.1.7.tgz",
      "integrity": "sha1-Xv+OPmhNVprkyysSgmBOi6YhSfo=",
      "dev": true,
      "requires": {
        "assert-plus": "^1.0.0"
      }
    },
    "glob": {
      "version": "7.1.6",
      "resolved": "https://registry.npm.taobao.org/glob/download/glob-7.1.6.tgz?cache=0&other_urls=https%3A%2F%2Fregistry.npm.taobao.org%2Fglob%2Fdownload%2Fglob-7.1.6.tgz",
      "integrity": "sha1-FB8zuBp8JJLhJVlDB0gMRmeSeKY=",
      "dev": true,
      "requires": {
        "fs.realpath": "^1.0.0",
        "inflight": "^1.0.4",
        "inherits": "2",
        "minimatch": "^3.0.4",
        "once": "^1.3.0",
        "path-is-absolute": "^1.0.0"
      }
    },
    "graceful-fs": {
      "version": "4.2.3",
      "resolved": "https://registry.npm.taobao.org/graceful-fs/download/graceful-fs-4.2.3.tgz?cache=0&other_urls=https%3A%2F%2Fregistry.npm.taobao.org%2Fgraceful-fs%2Fdownload%2Fgraceful-fs-4.2.3.tgz",
      "integrity": "sha1-ShL/G2A3bvCYYsIJPt2Qgyi+hCM=",
      "dev": true
    },
    "har-schema": {
      "version": "2.0.0",
      "resolved": "https://registry.npm.taobao.org/har-schema/download/har-schema-2.0.0.tgz",
      "integrity": "sha1-qUwiJOvKwEeCoNkDVSHyRzW37JI=",
      "dev": true
    },
    "har-validator": {
      "version": "5.1.3",
      "resolved": "https://registry.npm.taobao.org/har-validator/download/har-validator-5.1.3.tgz",
      "integrity": "sha1-HvievT5JllV2de7ZiTEQ3DUPoIA=",
      "dev": true,
      "requires": {
        "ajv": "^6.5.5",
        "har-schema": "^2.0.0"
      }
    },
    "has-unicode": {
      "version": "2.0.1",
      "resolved": "https://registry.npm.taobao.org/has-unicode/download/has-unicode-2.0.1.tgz",
      "integrity": "sha1-4Ob+aijPUROIVeCG0Wkedx3iqLk=",
      "dev": true
    },
    "http-signature": {
      "version": "1.2.0",
      "resolved": "https://registry.npm.taobao.org/http-signature/download/http-signature-1.2.0.tgz",
      "integrity": "sha1-muzZJRFHcvPZW2WmCruPfBj7rOE=",
      "dev": true,
      "requires": {
        "assert-plus": "^1.0.0",
        "jsprim": "^1.2.2",
        "sshpk": "^1.7.0"
      }
    },
    "inflight": {
      "version": "1.0.6",
      "resolved": "https://registry.npm.taobao.org/inflight/download/inflight-1.0.6.tgz",
      "integrity": "sha1-Sb1jMdfQLQwJvJEKEHW6gWW1bfk=",
      "dev": true,
      "requires": {
        "once": "^1.3.0",
        "wrappy": "1"
      }
    },
    "inherits": {
      "version": "2.0.4",
      "resolved": "https://registry.npm.taobao.org/inherits/download/inherits-2.0.4.tgz",
      "integrity": "sha1-D6LGT5MpF8NDOg3tVTY6rjdBa3w=",
      "dev": true
    },
    "is-fullwidth-code-point": {
      "version": "1.0.0",
      "resolved": "https://registry.npm.taobao.org/is-fullwidth-code-point/download/is-fullwidth-code-point-1.0.0.tgz",
      "integrity": "sha1-754xOG8DGn8NZDr4L95QxFfvAMs=",
      "dev": true,
      "requires": {
        "number-is-nan": "^1.0.0"
      }
    },
    "is-typedarray": {
      "version": "1.0.0",
      "resolved": "https://registry.npm.taobao.org/is-typedarray/download/is-typedarray-1.0.0.tgz",
      "integrity": "sha1-5HnICFjfDBsR3dppQPlgEfzaSpo=",
      "dev": true
    },
    "isarray": {
      "version": "1.0.0",
      "resolved": "https://registry.npm.taobao.org/isarray/download/isarray-1.0.0.tgz",
      "integrity": "sha1-u5NdSFgsuhaMBoNJV6VKPgcSTxE=",
      "dev": true
    },
    "isexe": {
      "version": "2.0.0",
      "resolved": "https://registry.npm.taobao.org/isexe/download/isexe-2.0.0.tgz",
      "integrity": "sha1-6PvzdNxVb/iUehDcsFctYz8s+hA=",
      "dev": true
    },
    "isstream": {
      "version": "0.1.2",
      "resolved": "https://registry.npm.taobao.org/isstream/download/isstream-0.1.2.tgz",
      "integrity": "sha1-R+Y/evVa+m+S4VAOaQ64uFKcCZo=",
      "dev": true
    },
    "jsbn": {
      "version": "0.1.1",
      "resolved": "https://registry.npm.taobao.org/jsbn/download/jsbn-0.1.1.tgz",
      "integrity": "sha1-peZUwuWi3rXyAdls77yoDA7y9RM=",
      "dev": true
    },
    "json-schema": {
      "version": "0.2.3",
      "resolved": "https://registry.npm.taobao.org/json-schema/download/json-schema-0.2.3.tgz",
      "integrity": "sha1-tIDIkuWaLwWVTOcnvT8qTogvnhM=",
      "dev": true
    },
    "json-schema-traverse": {
      "version": "0.4.1",
      "resolved": "https://registry.npm.taobao.org/json-schema-traverse/download/json-schema-traverse-0.4.1.tgz",
      "integrity": "sha1-afaofZUTq4u4/mO9sJecRI5oRmA=",
      "dev": true
    },
    "json-stringify-safe": {
      "version": "5.0.1",
      "resolved": "https://registry.npm.taobao.org/json-stringify-safe/download/json-stringify-safe-5.0.1.tgz",
      "integrity": "sha1-Epai1Y/UXxmg9s4B1lcB4sc1tus=",
      "dev": true
    },
    "jsprim": {
      "version": "1.4.1",
      "resolved": "https://registry.npm.taobao.org/jsprim/download/jsprim-1.4.1.tgz",
      "integrity": "sha1-MT5mvB5cwG5Di8G3SZwuXFastqI=",
      "dev": true,
      "requires": {
        "assert-plus": "1.0.0",
        "extsprintf": "1.3.0",
        "json-schema": "0.2.3",
        "verror": "1.10.0"
      }
    },
    "mime-db": {
      "version": "1.43.0",
      "resolved": "https://registry.npm.taobao.org/mime-db/download/mime-db-1.43.0.tgz",
      "integrity": "sha1-ChLgUCZQ5HPXNVNQUOfI9OtPrlg=",
      "dev": true
    },
    "mime-types": {
      "version": "2.1.26",
      "resolved": "https://registry.npm.taobao.org/mime-types/download/mime-types-2.1.26.tgz?cache=0&sync_timestamp=1578282585871&other_urls=https%3A%2F%2Fregistry.npm.taobao.org%2Fmime-types%2Fdownload%2Fmime-types-2.1.26.tgz",
      "integrity": "sha1-nJIfwJt+FJpl39wNpNIJlyALCgY=",
      "dev": true,
      "requires": {
        "mime-db": "1.43.0"
      }
    },
    "minimatch": {
      "version": "3.0.4",
      "resolved": "https://registry.npm.taobao.org/minimatch/download/minimatch-3.0.4.tgz",
      "integrity": "sha1-UWbihkV/AzBgZL5Ul+jbsMPTIIM=",
      "dev": true,
      "requires": {
        "brace-expansion": "^1.1.7"
      }
    },
    "minimist": {
      "version": "1.2.5",
      "resolved": "https://registry.npm.taobao.org/minimist/download/minimist-1.2.5.tgz",
      "integrity": "sha1-Z9ZgFLZqaoqqDAg8X9WN9OTpdgI=",
      "dev": true
    },
    "minipass": {
      "version": "2.9.0",
      "resolved": "https://registry.npm.taobao.org/minipass/download/minipass-2.9.0.tgz",
      "integrity": "sha1-5xN2Ln0+Mv7YAxFc+T4EvKn8yaY=",
      "dev": true,
      "requires": {
        "safe-buffer": "^5.1.2",
        "yallist": "^3.0.0"
      }
    },
    "minizlib": {
      "version": "1.3.3",
      "resolved": "https://registry.npm.taobao.org/minizlib/download/minizlib-1.3.3.tgz",
      "integrity": "sha1-IpDeloGKNMKVUcio0wEha9Zahh0=",
      "dev": true,
      "requires": {
        "minipass": "^2.9.0"
      }
    },
    "mkdirp": {
      "version": "0.5.3",
      "resolved": "https://registry.npm.taobao.org/mkdirp/download/mkdirp-0.5.3.tgz?cache=0&sync_timestamp=1584725805588&other_urls=https%3A%2F%2Fregistry.npm.taobao.org%2Fmkdirp%2Fdownload%2Fmkdirp-0.5.3.tgz",
      "integrity": "sha1-WlFLcXklkoeVKIHpRBDsVGVln4w=",
      "dev": true,
      "requires": {
        "minimist": "^1.2.5"
      }
    },
    "node-gyp": {
      "version": "6.1.0",
      "resolved": "https://registry.npm.taobao.org/node-gyp/download/node-gyp-6.1.0.tgz",
      "integrity": "sha1-ZOMcYaRpWtMEwdW4LPa3x5zHnz8=",
      "dev": true,
      "requires": {
        "env-paths": "^2.2.0",
        "glob": "^7.1.4",
        "graceful-fs": "^4.2.2",
        "mkdirp": "^0.5.1",
        "nopt": "^4.0.1",
        "npmlog": "^4.1.2",
        "request": "^2.88.0",
        "rimraf": "^2.6.3",
        "semver": "^5.7.1",
        "tar": "^4.4.12",
        "which": "^1.3.1"
      }
    },
    "nopt": {
      "version": "4.0.3",
      "resolved": "https://registry.npm.taobao.org/nopt/download/nopt-4.0.3.tgz",
      "integrity": "sha1-o3XK2dAv2SEnjZVMIlTVqlfhXkg=",
      "dev": true,
      "requires": {
        "abbrev": "1",
        "osenv": "^0.1.4"
      }
    },
    "npmlog": {
      "version": "4.1.2",
      "resolved": "https://registry.npm.taobao.org/npmlog/download/npmlog-4.1.2.tgz",
      "integrity": "sha1-CKfyqL9zRgR3mp76StXMcXq7lUs=",
      "dev": true,
      "requires": {
        "are-we-there-yet": "~1.1.2",
        "console-control-strings": "~1.1.0",
        "gauge": "~2.7.3",
        "set-blocking": "~2.0.0"
      }
    },
    "number-is-nan": {
      "version": "1.0.1",
      "resolved": "https://registry.npm.taobao.org/number-is-nan/download/number-is-nan-1.0.1.tgz?cache=0&sync_timestamp=1581061498787&other_urls=https%3A%2F%2Fregistry.npm.taobao.org%2Fnumber-is-nan%2Fdownload%2Fnumber-is-nan-1.0.1.tgz",
      "integrity": "sha1-CXtgK1NCKlIsGvuHkDGDNpQaAR0=",
      "dev": true
    },
    "oauth-sign": {
      "version": "0.9.0",
      "resolved": "https://registry.npm.taobao.org/oauth-sign/download/oauth-sign-0.9.0.tgz",
      "integrity": "sha1-R6ewFrqmi1+g7PPe4IqFxnmsZFU=",
      "dev": true
    },
    "object-assign": {
      "version": "4.1.1",
      "resolved": "https://registry.npm.taobao.org/object-assign/download/object-assign-4.1.1.tgz",
      "integrity": "sha1-IQmtx5ZYh8/AXLvUQsrIv7s2CGM=",
      "dev": true
    },
    "once": {
      "version": "1.4.0",
      "resolved": "https://registry.npm.taobao.org/once/download/once-1.4.0.tgz",
      "integrity": "sha1-WDsap3WWHUsROsF9nFC6753Xa9E=",
      "dev": true,
      "requires": {
        "wrappy": "1"
      }
    },
    "os-homedir": {
      "version": "1.0.2",
      "resolved": "https://registry.npm.taobao.org/os-homedir/download/os-homedir-1.0.2.tgz",
      "integrity": "sha1-/7xJiDNuDoM94MFox+8VISGqf7M=",
      "dev": true
    },
    "os-tmpdir": {
      "version": "1.0.2",
      "resolved": "https://registry.npm.taobao.org/os-tmpdir/download/os-tmpdir-1.0.2.tgz",
      "integrity": "sha1-u+Z0BseaqFxc/sdm/lc0VV36EnQ=",
      "dev": true
    },
    "osenv": {
      "version": "0.1.5",
      "resolved": "https://registry.npm.taobao.org/osenv/download/osenv-0.1.5.tgz",
      "integrity": "sha1-hc36+uso6Gd/QW4odZK18/SepBA=",
      "dev": true,
      "requires": {
        "os-homedir": "^1.0.0",
        "os-tmpdir": "^1.0.0"
      }
    },
    "path-is-absolute": {
      "version": "1.0.1",
      "resolved": "https://registry.npm.taobao.org/path-is-absolute/download/path-is-absolute-1.0.1.tgz",
      "integrity": "sha1-F0uSaHNVNP+8es5r9TpanhtcX18=",
      "dev": true
    },
    "performance-now": {
      "version": "2.1.0",
      "resolved": "https://registry.npm.taobao.org/performance-now/download/performance-now-2.1.0.tgz",
      "integrity": "sha1-Ywn04OX6kT7BxpMHrjZLSzd8nns=",
      "dev": true
    },
    "process-nextick-args": {
      "version": "2.0.1",
      "resolved": "https://registry.npm.taobao.org/process-nextick-args/download/process-nextick-args-2.0.1.tgz",
      "integrity": "sha1-eCDZsWEgzFXKmud5JoCufbptf+I=",
      "dev": true
    },
    "psl": {
      "version": "1.7.0",
      "resolved": "https://registry.npm.taobao.org/psl/download/psl-1.7.0.tgz",
      "integrity": "sha1-8cTEeo75cWfepda79IFtc26ISjw=",
      "dev": true
    },
    "punycode": {
      "version": "2.1.1",
      "resolved": "https://registry.npm.taobao.org/punycode/download/punycode-2.1.1.tgz",
      "integrity": "sha1-tYsBCsQMIsVldhbI0sLALHv0eew=",
      "dev": true
    },
    "qs": {
      "version": "6.5.2",
      "resolved": "https://registry.npm.taobao.org/qs/download/qs-6.5.2.tgz",
      "integrity": "sha1-yzroBuh0BERYTvFUzo7pjUA/PjY=",
      "dev": true
    },
    "readable-stream": {
      "version": "2.3.7",
      "resolved": "https://registry.npm.taobao.org/readable-stream/download/readable-stream-2.3.7.tgz?cache=0&sync_timestamp=1581623021561&other_urls=https%3A%2F%2Fregistry.npm.taobao.org%2Freadable-stream%2Fdownload%2Freadable-stream-2.3.7.tgz",
      "integrity": "sha1-Hsoc9xGu+BTAT2IlKjamL2yyO1c=",
      "dev": true,
      "requires": {
        "core-util-is": "~1.0.0",
        "inherits": "~2.0.3",
        "isarray": "~1.0.0",
        "process-nextick-args": "~2.0.0",
        "safe-buffer": "~5.1.1",
        "string_decoder": "~1.1.1",
        "util-deprecate": "~1.0.1"
      }
    },
    "request": {
      "version": "2.88.2",
      "resolved": "https://registry.npm.taobao.org/request/download/request-2.88.2.tgz?cache=0&sync_timestamp=1581439006948&other_urls=https%3A%2F%2Fregistry.npm.taobao.org%2Frequest%2Fdownload%2Frequest-2.88.2.tgz",
      "integrity": "sha1-1zyRhzHLWofaBH4gcjQUb2ZNErM=",
      "dev": true,
      "requires": {
        "aws-sign2": "~0.7.0",
        "aws4": "^1.8.0",
        "caseless": "~0.12.0",
        "combined-stream": "~1.0.6",
        "extend": "~3.0.2",
        "forever-agent": "~0.6.1",
        "form-data": "~2.3.2",
        "har-validator": "~5.1.3",
        "http-signature": "~1.2.0",
        "is-typedarray": "~1.0.0",
        "isstream": "~0.1.2",
        "json-stringify-safe": "~5.0.1",
        "mime-types": "~2.1.19",
        "oauth-sign": "~0.9.0",
        "performance-now": "^2.1.0",
        "qs": "~6.5.2",
        "safe-buffer": "^5.1.2",
        "tough-cookie": "~2.5.0",
        "tunnel-agent": "^0.6.0",
        "uuid": "^3.3.2"
      }
    },
    "rimraf": {
      "version": "2.7.1",
      "resolved": "https://registry.npm.taobao.org/rimraf/download/rimraf-2.7.1.tgz?cache=0&sync_timestamp=1581229852361&other_urls=https%3A%2F%2Fregistry.npm.taobao.org%2Frimraf%2Fdownload%2Frimraf-2.7.1.tgz",
      "integrity": "sha1-NXl/E6f9rcVmFCwp1PB8ytSD4+w=",
      "dev": true,
      "requires": {
        "glob": "^7.1.3"
      }
    },
    "safe-buffer": {
      "version": "5.1.2",
      "resolved": "https://registry.npm.taobao.org/safe-buffer/download/safe-buffer-5.1.2.tgz",
      "integrity": "sha1-mR7GnSluAxN0fVm9/St0XDX4go0=",
      "dev": true
    },
    "safer-buffer": {
      "version": "2.1.2",
      "resolved": "https://registry.npm.taobao.org/safer-buffer/download/safer-buffer-2.1.2.tgz",
      "integrity": "sha1-RPoWGwGHuVSd2Eu5GAL5vYOFzWo=",
      "dev": true
    },
    "semver": {
      "version": "5.7.1",
      "resolved": "https://registry.npm.taobao.org/semver/download/semver-5.7.1.tgz?cache=0&sync_timestamp=1581458265183&other_urls=https%3A%2F%2Fregistry.npm.taobao.org%2Fsemver%2Fdownload%2Fsemver-5.7.1.tgz",
      "integrity": "sha1-qVT5Ma66UI0we78Gnv8MAclhFvc=",
      "dev": true
    },
    "set-blocking": {
      "version": "2.0.0",
      "resolved": "https://registry.npm.taobao.org/set-blocking/download/set-blocking-2.0.0.tgz",
      "integrity": "sha1-BF+XgtARrppoA93TgrJDkrPYkPc=",
      "dev": true
    },
    "signal-exit": {
      "version": "3.0.2",
      "resolved": "https://registry.npm.taobao.org/signal-exit/download/signal-exit-3.0.2.tgz",
      "integrity": "sha1-tf3AjxKH6hF4Yo5BXiUTK3NkbG0=",
      "dev": true
    },
    "sshpk": {
      "version": "1.16.1",
      "resolved": "https://registry.npm.taobao.org/sshpk/download/sshpk-1.16.1.tgz",
      "integrity": "sha1-+2YcC+8ps520B2nuOfpwCT1vaHc=",
      "dev": true,
      "requires": {
        "asn1": "~0.2.3",
        "assert-plus": "^1.0.0",
        "bcrypt-pbkdf": "^1.0.0",
        "dashdash": "^1.12.0",
        "ecc-jsbn": "~0.1.1",
        "getpass": "^0.1.1",
        "jsbn": "~0.1.0",
        "safer-buffer": "^2.0.2",
        "tweetnacl": "~0.14.0"
      }
    },
    "string-width": {
      "version": "1.0.2",
      "resolved": "https://registry.npm.taobao.org/string-width/download/string-width-1.0.2.tgz?cache=0&other_urls=https%3A%2F%2Fregistry.npm.taobao.org%2Fstring-width%2Fdownload%2Fstring-width-1.0.2.tgz",
      "integrity": "sha1-EYvfW4zcUaKn5w0hHgfisLmxB9M=",
      "dev": true,
      "requires": {
        "code-point-at": "^1.0.0",
        "is-fullwidth-code-point": "^1.0.0",
        "strip-ansi": "^3.0.0"
      }
    },
    "string_decoder": {
      "version": "1.1.1",
      "resolved": "https://registry.npm.taobao.org/string_decoder/download/string_decoder-1.1.1.tgz",
      "integrity": "sha1-nPFhG6YmhdcDCunkujQUnDrwP8g=",
      "dev": true,
      "requires": {
        "safe-buffer": "~5.1.0"
      }
    },
    "strip-ansi": {
      "version": "3.0.1",
      "resolved": "https://registry.npm.taobao.org/strip-ansi/download/strip-ansi-3.0.1.tgz?cache=0&sync_timestamp=1573280549549&other_urls=https%3A%2F%2Fregistry.npm.taobao.org%2Fstrip-ansi%2Fdownload%2Fstrip-ansi-3.0.1.tgz",
      "integrity": "sha1-ajhfuIU9lS1f8F0Oiq+UJ43GPc8=",
      "dev": true,
      "requires": {
        "ansi-regex": "^2.0.0"
      }
    },
    "tar": {
      "version": "4.4.13",
      "resolved": "https://registry.npm.taobao.org/tar/download/tar-4.4.13.tgz?cache=0&sync_timestamp=1580272908575&other_urls=https%3A%2F%2Fregistry.npm.taobao.org%2Ftar%2Fdownload%2Ftar-4.4.13.tgz",
      "integrity": "sha1-Q7NkvFKIjVVSmGN7ENYHkCVKtSU=",
      "dev": true,
      "requires": {
        "chownr": "^1.1.1",
        "fs-minipass": "^1.2.5",
        "minipass": "^2.8.6",
        "minizlib": "^1.2.1",
        "mkdirp": "^0.5.0",
        "safe-buffer": "^5.1.2",
        "yallist": "^3.0.3"
      }
    },
    "tough-cookie": {
      "version": "2.5.0",
      "resolved": "https://registry.npm.taobao.org/tough-cookie/download/tough-cookie-2.5.0.tgz?cache=0&sync_timestamp=1584647110516&other_urls=https%3A%2F%2Fregistry.npm.taobao.org%2Ftough-cookie%2Fdownload%2Ftough-cookie-2.5.0.tgz",
      "integrity": "sha1-zZ+yoKodWhK0c72fuW+j3P9lreI=",
      "dev": true,
      "requires": {
        "psl": "^1.1.28",
        "punycode": "^2.1.1"
      }
    },
    "tunnel-agent": {
      "version": "0.6.0",
      "resolved": "https://registry.npm.taobao.org/tunnel-agent/download/tunnel-agent-0.6.0.tgz",
      "integrity": "sha1-J6XeoGs2sEoKmWZ3SykIaPD8QP0=",
      "dev": true,
      "requires": {
        "safe-buffer": "^5.0.1"
      }
    },
    "tweetnacl": {
      "version": "0.14.5",
      "resolved": "https://registry.npm.taobao.org/tweetnacl/download/tweetnacl-0.14.5.tgz?cache=0&sync_timestamp=1581364183265&other_urls=https%3A%2F%2Fregistry.npm.taobao.org%2Ftweetnacl%2Fdownload%2Ftweetnacl-0.14.5.tgz",
      "integrity": "sha1-WuaBd/GS1EViadEIr6k/+HQ/T2Q=",
      "dev": true
    },
    "uri-js": {
      "version": "4.2.2",
      "resolved": "https://registry.npm.taobao.org/uri-js/download/uri-js-4.2.2.tgz",
      "integrity": "sha1-lMVA4f93KVbiKZUHwBCupsiDjrA=",
      "dev": true,
      "requires": {
        "punycode": "^2.1.0"
      }
    },
    "util-deprecate": {
      "version": "1.0.2",
      "resolved": "https://registry.npm.taobao.org/util-deprecate/download/util-deprecate-1.0.2.tgz",
      "integrity": "sha1-RQ1Nyfpw3nMnYvvS1KKJgUGaDM8=",
      "dev": true
    },
    "uuid": {
      "version": "3.4.0",
      "resolved": "https://registry.npm.taobao.org/uuid/download/uuid-3.4.0.tgz",
      "integrity": "sha1-sj5DWK+oogL+ehAK8fX4g/AgB+4=",
      "dev": true
    },
    "verror": {
      "version": "1.10.0",
      "resolved": "https://registry.npm.taobao.org/verror/download/verror-1.10.0.tgz",
      "integrity": "sha1-OhBcoXBTr1XW4nDB+CiGguGNpAA=",
      "dev": true,
      "requires": {
        "assert-plus": "^1.0.0",
        "core-util-is": "1.0.2",
        "extsprintf": "^1.2.0"
      }
    },
    "which": {
      "version": "1.3.1",
      "resolved": "https://registry.npm.taobao.org/which/download/which-1.3.1.tgz?cache=0&other_urls=https%3A%2F%2Fregistry.npm.taobao.org%2Fwhich%2Fdownload%2Fwhich-1.3.1.tgz",
      "integrity": "sha1-pFBD1U9YBTFtqNYvn1CRjT2nCwo=",
      "dev": true,
      "requires": {
        "isexe": "^2.0.0"
      }
    },
    "wide-align": {
      "version": "1.1.3",
      "resolved": "https://registry.npm.taobao.org/wide-align/download/wide-align-1.1.3.tgz",
      "integrity": "sha1-rgdOa9wMFKQx6ATmJFScYzsABFc=",
      "dev": true,
      "requires": {
        "string-width": "^1.0.2 || 2"
      }
    },
    "wrappy": {
      "version": "1.0.2",
      "resolved": "https://registry.npm.taobao.org/wrappy/download/wrappy-1.0.2.tgz",
      "integrity": "sha1-tSQ9jz7BqjXxNkYFvA0QNuMKtp8=",
      "dev": true
    },
    "yallist": {
      "version": "3.1.1",
      "resolved": "https://registry.npm.taobao.org/yallist/download/yallist-3.1.1.tgz?cache=0&sync_timestamp=1569874223546&other_urls=https%3A%2F%2Fregistry.npm.taobao.org%2Fyallist%2Fdownload%2Fyallist-3.1.1.tgz",
      "integrity": "sha1-27fa+b/YusmrRev2ArjLrQ1dCP0=",
      "dev": true
    }
  }
}
